
Microsoft Visual Studio Solution File, Format Version 12.00
# Visual Studio Version 17
VisualStudioVersion = 17.8.34330.188
MinimumVisualStudioVersion = 10.0.40219.1
Project("{FAE04EC0-301F-11D3-BF4B-00C04F79EFBC}") = "AuthSystem", "AuthSystem.csproj", "{343F4522-AC6B-4158-BF54-2DCC3DAED834}"
EndProject
Project("{2150E333-8FDC-42A3-9474-1A3956D46DE8}") = "Solution Items", "Solution Items", "{D43FD518-8737-45D2-BBD1-50114324763D}"
	ProjectSection(SolutionItems) = preProject
		.editorconfig = .editorconfig
	EndProjectSection
EndProject
Global
	GlobalSection(SolutionConfigurationPlatforms) = preSolution
		Debug|Any CPU = Debug|Any CPU
		Release|Any CPU = Release|Any CPU
	EndGlobalSection
	GlobalSection(ProjectConfigurationPlatforms) = postSolution
		{343F4522-AC6B-4158-BF54-2DCC3DAED834}.Debug|Any CPU.ActiveCfg = Debug|Any CPU
		{343F4522-AC6B-4158-BF54-2DCC3DAED834}.Debug|Any CPU.Build.0 = Debug|Any CPU
		{343F4522-AC6B-4158-BF54-2DCC3DAED834}.Release|Any CPU.ActiveCfg = Release|Any CPU
		{343F4522-AC6B-4158-BF54-2DCC3DAED834}.Release|Any CPU.Build.0 = Release|Any CPU
	EndGlobalSection
	GlobalSection(SolutionProperties) = preSolution
		HideSolutionNode = FALSE
	EndGlobalSection
	GlobalSection(ExtensibilityGlobals) = postSolution
		SolutionGuid = {5903A7C0-F34B-4671-BA71-EB45FA05791A}
	EndGlobalSection
EndGlobal
